
Microsoft Visual Studio Solution File, Format Version 12.00
# Visual Studio Version 16
VisualStudioVersion = 16.0.30309.148
MinimumVisualStudioVersion = 10.0.40219.1
Project("{9A19103F-16F7-4668-BE54-9A1E7A4F7556}") = "FitnessRecords", "FitnessRecords\FitnessRecords.csproj", "{3FC3CEEC-3736-4E26-80A5-8EE3CBD33AE6}"
EndProject
Project("{2150E333-8FDC-42A3-9474-1A3956D46DE8}") = "Solution items", "Solution items", "{DA263B57-D3C4-41B9-A4C9-502452CE192B}"
	ProjectSection(SolutionItems) = preProject
		Dockerfile = Dockerfile
	EndProjectSection
EndProject
Project("{9A19103F-16F7-4668-BE54-9A1E7A4F7556}") = "ExcercisesCompletion", "ExcercisesCompletion\ExcercisesCompletion.csproj", "{C168AFEB-BFE0-4771-A8A8-771FDDEA915F}"
EndProject
Project("{9A19103F-16F7-4668-BE54-9A1E7A4F7556}") = "Gateway", "Gateway\Gateway.csproj", "{AB11F13D-609E-4EEC-B6A7-FBC2121A2C68}"
EndProject
Global
	GlobalSection(SolutionConfigurationPlatforms) = preSolution
		Debug|Any CPU = Debug|Any CPU
		Release|Any CPU = Release|Any CPU
	EndGlobalSection
	GlobalSection(ProjectConfigurationPlatforms) = postSolution
		{3FC3CEEC-3736-4E26-80A5-8EE3CBD33AE6}.Debug|Any CPU.ActiveCfg = Debug|Any CPU
		{3FC3CEEC-3736-4E26-80A5-8EE3CBD33AE6}.Debug|Any CPU.Build.0 = Debug|Any CPU
		{3FC3CEEC-3736-4E26-80A5-8EE3CBD33AE6}.Release|Any CPU.ActiveCfg = Release|Any CPU
		{3FC3CEEC-3736-4E26-80A5-8EE3CBD33AE6}.Release|Any CPU.Build.0 = Release|Any CPU
		{C168AFEB-BFE0-4771-A8A8-771FDDEA915F}.Debug|Any CPU.ActiveCfg = Debug|Any CPU
		{C168AFEB-BFE0-4771-A8A8-771FDDEA915F}.Debug|Any CPU.Build.0 = Debug|Any CPU
		{C168AFEB-BFE0-4771-A8A8-771FDDEA915F}.Release|Any CPU.ActiveCfg = Release|Any CPU
		{C168AFEB-BFE0-4771-A8A8-771FDDEA915F}.Release|Any CPU.Build.0 = Release|Any CPU
		{AB11F13D-609E-4EEC-B6A7-FBC2121A2C68}.Debug|Any CPU.ActiveCfg = Debug|Any CPU
		{AB11F13D-609E-4EEC-B6A7-FBC2121A2C68}.Debug|Any CPU.Build.0 = Debug|Any CPU
		{AB11F13D-609E-4EEC-B6A7-FBC2121A2C68}.Release|Any CPU.ActiveCfg = Release|Any CPU
		{AB11F13D-609E-4EEC-B6A7-FBC2121A2C68}.Release|Any CPU.Build.0 = Release|Any CPU
	EndGlobalSection
	GlobalSection(SolutionProperties) = preSolution
		HideSolutionNode = FALSE
	EndGlobalSection
	GlobalSection(ExtensibilityGlobals) = postSolution
		SolutionGuid = {BC5358E2-2233-4607-9854-E59CBC383D56}
	EndGlobalSection
EndGlobal
